
Microsoft Visual Studio Solution File, Format Version 12.00
# Visual Studio Version 17
VisualStudioVersion = 17.6.33829.357
MinimumVisualStudioVersion = 10.0.40219.1
Project("{FAE04EC0-301F-11D3-BF4B-00C04F79EFBC}") = "WinFormsApp11", "WinFormsApp11\WinFormsApp11.csproj", "{530EA239-40E6-4B1C-BF14-B9FD97E53C1B}"
EndProject
Global
	GlobalSection(SolutionConfigurationPlatforms) = preSolution
		Debug|Any CPU = Debug|Any CPU
		Release|Any CPU = Release|Any CPU
	EndGlobalSection
	GlobalSection(ProjectConfigurationPlatforms) = postSolution
		{530EA239-40E6-4B1C-BF14-B9FD97E53C1B}.Debug|Any CPU.ActiveCfg = Debug|Any CPU
		{530EA239-40E6-4B1C-BF14-B9FD97E53C1B}.Debug|Any CPU.Build.0 = Debug|Any CPU
		{530EA239-40E6-4B1C-BF14-B9FD97E53C1B}.Release|Any CPU.ActiveCfg = Release|Any CPU
		{530EA239-40E6-4B1C-BF14-B9FD97E53C1B}.Release|Any CPU.Build.0 = Release|Any CPU
	EndGlobalSection
	GlobalSection(SolutionProperties) = preSolution
		HideSolutionNode = FALSE
	EndGlobalSection
	GlobalSection(ExtensibilityGlobals) = postSolution
		SolutionGuid = {4A24C13E-6475-45BF-9303-F84DCF46DE23}
	EndGlobalSection
EndGlobal
